
Microsoft Visual Studio Solution File, Format Version 12.00
# Visual Studio Version 16
VisualStudioVersion = 16.0.29613.14
MinimumVisualStudioVersion = 10.0.40219.1
Project("{FAE04EC0-301F-11D3-BF4B-00C04F79EFBC}") = "ExamenProyecto", "ExamenProyecto\ExamenProyecto.csproj", "{D4A95D77-A036-4489-9BAB-8F7CADC262F6}"
EndProject
Global
	GlobalSection(SolutionConfigurationPlatforms) = preSolution
		Debug|Any CPU = Debug|Any CPU
		Release|Any CPU = Release|Any CPU
	EndGlobalSection
	GlobalSection(ProjectConfigurationPlatforms) = postSolution
		{D4A95D77-A036-4489-9BAB-8F7CADC262F6}.Debug|Any CPU.ActiveCfg = Debug|Any CPU
		{D4A95D77-A036-4489-9BAB-8F7CADC262F6}.Debug|Any CPU.Build.0 = Debug|Any CPU
		{D4A95D77-A036-4489-9BAB-8F7CADC262F6}.Release|Any CPU.ActiveCfg = Release|Any CPU
		{D4A95D77-A036-4489-9BAB-8F7CADC262F6}.Release|Any CPU.Build.0 = Release|Any CPU
	EndGlobalSection
	GlobalSection(SolutionProperties) = preSolution
		HideSolutionNode = FALSE
	EndGlobalSection
	GlobalSection(ExtensibilityGlobals) = postSolution
		SolutionGuid = {58492589-0AB2-4C21-A05F-4F856AF29212}
	EndGlobalSection
EndGlobal
